
Microsoft Visual Studio Solution File, Format Version 12.00
# Visual Studio 2012
Project("{FAE04EC0-301F-11D3-BF4B-00C04F79EFBC}") = "VioletIoc", "VioletIoc\VioletIoc.csproj", "{AAE6DDD4-2CA0-4CA5-99FB-C51A7F4537B5}"
EndProject
Project("{FAE04EC0-301F-11D3-BF4B-00C04F79EFBC}") = "VioletIoc.UnitTests", "VioletIoc.UnitTests\VioletIoc.UnitTests.csproj", "{C9AD0D1D-A985-4DEA-B69C-04D5ED89E2CE}"
EndProject
Project("{2150E333-8FDC-42A3-9474-1A3956D46DE8}") = "Solution Items", "Solution Items", "{614C88F7-0EE3-40CB-A504-4752DE02F7C0}"
	ProjectSection(SolutionItems) = preProject
		appveyor.yml = appveyor.yml
	EndProjectSection
EndProject
Global
	GlobalSection(SolutionConfigurationPlatforms) = preSolution
		Debug|Any CPU = Debug|Any CPU
		Release|Any CPU = Release|Any CPU
	EndGlobalSection
	GlobalSection(ProjectConfigurationPlatforms) = postSolution
		{AAE6DDD4-2CA0-4CA5-99FB-C51A7F4537B5}.Debug|Any CPU.ActiveCfg = Debug|Any CPU
		{AAE6DDD4-2CA0-4CA5-99FB-C51A7F4537B5}.Debug|Any CPU.Build.0 = Debug|Any CPU
		{AAE6DDD4-2CA0-4CA5-99FB-C51A7F4537B5}.Release|Any CPU.ActiveCfg = Release|Any CPU
		{AAE6DDD4-2CA0-4CA5-99FB-C51A7F4537B5}.Release|Any CPU.Build.0 = Release|Any CPU
		{C9AD0D1D-A985-4DEA-B69C-04D5ED89E2CE}.Debug|Any CPU.ActiveCfg = Debug|Any CPU
		{C9AD0D1D-A985-4DEA-B69C-04D5ED89E2CE}.Debug|Any CPU.Build.0 = Debug|Any CPU
		{C9AD0D1D-A985-4DEA-B69C-04D5ED89E2CE}.Release|Any CPU.ActiveCfg = Release|Any CPU
		{C9AD0D1D-A985-4DEA-B69C-04D5ED89E2CE}.Release|Any CPU.Build.0 = Release|Any CPU
	EndGlobalSection
EndGlobal
